
Microsoft Visual Studio Solution File, Format Version 12.00
# Visual Studio Version 16
VisualStudioVersion = 16.0.31729.503
MinimumVisualStudioVersion = 10.0.40219.1
Project("{9A19103F-16F7-4668-BE54-9A1E7A4F7556}") = "multipleClients", "multipleClients\multipleClients.csproj", "{ADB36AC8-7DFB-417E-AA82-C1BFB808C05F}"
EndProject
Project("{FAE04EC0-301F-11D3-BF4B-00C04F79EFBC}") = "Client", "Client\Client.csproj", "{AF0BB666-65DB-4307-9B01-F3A6A39D9D9A}"
EndProject
Global
	GlobalSection(SolutionConfigurationPlatforms) = preSolution
		Debug|Any CPU = Debug|Any CPU
		Release|Any CPU = Release|Any CPU
	EndGlobalSection
	GlobalSection(ProjectConfigurationPlatforms) = postSolution
		{ADB36AC8-7DFB-417E-AA82-C1BFB808C05F}.Debug|Any CPU.ActiveCfg = Debug|Any CPU
		{ADB36AC8-7DFB-417E-AA82-C1BFB808C05F}.Debug|Any CPU.Build.0 = Debug|Any CPU
		{ADB36AC8-7DFB-417E-AA82-C1BFB808C05F}.Release|Any CPU.ActiveCfg = Release|Any CPU
		{ADB36AC8-7DFB-417E-AA82-C1BFB808C05F}.Release|Any CPU.Build.0 = Release|Any CPU
		{AF0BB666-65DB-4307-9B01-F3A6A39D9D9A}.Debug|Any CPU.ActiveCfg = Debug|Any CPU
		{AF0BB666-65DB-4307-9B01-F3A6A39D9D9A}.Debug|Any CPU.Build.0 = Debug|Any CPU
		{AF0BB666-65DB-4307-9B01-F3A6A39D9D9A}.Release|Any CPU.ActiveCfg = Release|Any CPU
		{AF0BB666-65DB-4307-9B01-F3A6A39D9D9A}.Release|Any CPU.Build.0 = Release|Any CPU
	EndGlobalSection
	GlobalSection(SolutionProperties) = preSolution
		HideSolutionNode = FALSE
	EndGlobalSection
	GlobalSection(ExtensibilityGlobals) = postSolution
		SolutionGuid = {241CA2BE-71A9-4466-9F7A-0587EB95BF70}
	EndGlobalSection
EndGlobal
